
Microsoft Visual Studio Solution File, Format Version 12.00
# Visual Studio 15
VisualStudioVersion = 15.0.28010.2003
MinimumVisualStudioVersion = 10.0.40219.1
Project("{FAE04EC0-301F-11D3-BF4B-00C04F79EFBC}") = "MoneyMoneySimulator", "MoneyMoneySimulator\MoneyMoneySimulator.csproj", "{481297A2-CFB2-4069-A43F-4C0C952E5BFB}"
EndProject
Global
	GlobalSection(SolutionConfigurationPlatforms) = preSolution
		Debug|Any CPU = Debug|Any CPU
		Release|Any CPU = Release|Any CPU
	EndGlobalSection
	GlobalSection(ProjectConfigurationPlatforms) = postSolution
		{481297A2-CFB2-4069-A43F-4C0C952E5BFB}.Debug|Any CPU.ActiveCfg = Debug|Any CPU
		{481297A2-CFB2-4069-A43F-4C0C952E5BFB}.Debug|Any CPU.Build.0 = Debug|Any CPU
		{481297A2-CFB2-4069-A43F-4C0C952E5BFB}.Release|Any CPU.ActiveCfg = Release|Any CPU
		{481297A2-CFB2-4069-A43F-4C0C952E5BFB}.Release|Any CPU.Build.0 = Release|Any CPU
	EndGlobalSection
	GlobalSection(SolutionProperties) = preSolution
		HideSolutionNode = FALSE
	EndGlobalSection
	GlobalSection(ExtensibilityGlobals) = postSolution
		SolutionGuid = {A6F46132-03A2-461E-BD46-A9435C22A3E9}
	EndGlobalSection
EndGlobal
